
Microsoft Visual Studio Solution File, Format Version 12.00
# Visual Studio Version 17
VisualStudioVersion = 17.12.35527.113 d17.12
MinimumVisualStudioVersion = 10.0.40219.1
Project("{2150E333-8FDC-42A3-9474-1A3956D46DE8}") = "src", "src", "{3C1ACF58-BCD1-4050-87C8-3D0B9D308A11}"
EndProject
Project("{2150E333-8FDC-42A3-9474-1A3956D46DE8}") = "test", "test", "{6692ADCE-BC31-45C7-B934-73A06BC24A16}"
EndProject
Project("{FAE04EC0-301F-11D3-BF4B-00C04F79EFBC}") = "TaskFlow.API", "src\TaskFlow.API\TaskFlow.API.csproj", "{16E6D6BC-C199-40E8-B4FE-78C2C42F01A2}"
EndProject
Global
	GlobalSection(SolutionConfigurationPlatforms) = preSolution
		Debug|Any CPU = Debug|Any CPU
		Release|Any CPU = Release|Any CPU
	EndGlobalSection
	GlobalSection(ProjectConfigurationPlatforms) = postSolution
		{16E6D6BC-C199-40E8-B4FE-78C2C42F01A2}.Debug|Any CPU.ActiveCfg = Debug|Any CPU
		{16E6D6BC-C199-40E8-B4FE-78C2C42F01A2}.Debug|Any CPU.Build.0 = Debug|Any CPU
		{16E6D6BC-C199-40E8-B4FE-78C2C42F01A2}.Release|Any CPU.ActiveCfg = Release|Any CPU
		{16E6D6BC-C199-40E8-B4FE-78C2C42F01A2}.Release|Any CPU.Build.0 = Release|Any CPU
	EndGlobalSection
	GlobalSection(SolutionProperties) = preSolution
		HideSolutionNode = FALSE
	EndGlobalSection
	GlobalSection(NestedProjects) = preSolution
		{16E6D6BC-C199-40E8-B4FE-78C2C42F01A2} = {3C1ACF58-BCD1-4050-87C8-3D0B9D308A11}
	EndGlobalSection
EndGlobal
